// !$*UTF8*$!
{
	archiveVersion = 1;
	classes = {
	};
	objectVersion = 46;
	objects = {

/* Begin PBXBuildFile section */
		902510F317AFEC9A007920B7 /* History.m in Sources */ = {isa = PBXBuildFile; fileRef = 902510F217AFEC9A007920B7 /* History.m */; };
		9036590917947EE2004B8204 /* libLocalyticsAMP.a in Frameworks */ = {isa = PBXBuildFile; fileRef = 9036590617947EE2004B8204 /* libLocalyticsAMP.a */; };
		9036590B17947F10004B8204 /* AdSupport.framework in Frameworks */ = {isa = PBXBuildFile; fileRef = 9036590A17947F10004B8204 /* AdSupport.framework */; settings = {ATTRIBUTES = (Weak, ); }; };
		9036590D17947F1E004B8204 /* libz.dylib in Frameworks */ = {isa = PBXBuildFile; fileRef = 9036590C17947F1E004B8204 /* libz.dylib */; };
		9036590F17947F2E004B8204 /* libsqlite3.dylib in Frameworks */ = {isa = PBXBuildFile; fileRef = 9036590E17947F2E004B8204 /* libsqlite3.dylib */; };
		9036591117947F36004B8204 /* SystemConfiguration.framework in Frameworks */ = {isa = PBXBuildFile; fileRef = 9036591017947F36004B8204 /* SystemConfiguration.framework */; };
		903ED20717861FEA00007C0C /* NumberPlateListViewController.m in Sources */ = {isa = PBXBuildFile; fileRef = 903ED20617861FEA00007C0C /* NumberPlateListViewController.m */; };
		903ED20D1786263000007C0C /* AddNumberPlateListItemViewController.m in Sources */ = {isa = PBXBuildFile; fileRef = 903ED20C1786263000007C0C /* AddNumberPlateListItemViewController.m */; };
		9069FF2E179741B5002048EF /* MYIntroductionPanel.m in Sources */ = {isa = PBXBuildFile; fileRef = 9069FF2B179741B5002048EF /* MYIntroductionPanel.m */; };
		9069FF2F179741B5002048EF /* MYIntroductionView.m in Sources */ = {isa = PBXBuildFile; fileRef = 9069FF2D179741B5002048EF /* MYIntroductionView.m */; };
		9069FF341797423C002048EF /* SampleBackground.png in Resources */ = {isa = PBXBuildFile; fileRef = 9069FF301797423C002048EF /* SampleBackground.png */; };
		9069FF351797423C002048EF /* SampleHeaderImage.png in Resources */ = {isa = PBXBuildFile; fileRef = 9069FF311797423C002048EF /* SampleHeaderImage.png */; };
		9069FF361797423C002048EF /* SampleImage1.png in Resources */ = {isa = PBXBuildFile; fileRef = 9069FF321797423C002048EF /* SampleImage1.png */; };
		9069FF371797423C002048EF /* SampleImage2.png in Resources */ = {isa = PBXBuildFile; fileRef = 9069FF331797423C002048EF /* SampleImage2.png */; };
		906E65E61784C3E0004C3784 /* SendSMSbutton.png in Resources */ = {isa = PBXBuildFile; fileRef = 906E65E41784C3E0004C3784 /* SendSMSbutton.png */; };
		906E65E71784C3E0004C3784 /* SendSMSbutton@2x.png in Resources */ = {isa = PBXBuildFile; fileRef = 906E65E51784C3E0004C3784 /* SendSMSbutton@2x.png */; };
		909141121788358200617297 /* CoreData.framework in Frameworks */ = {isa = PBXBuildFile; fileRef = 909141111788358200617297 /* CoreData.framework */; };
		90914115178835CC00617297 /* ParkAndSend.xcdatamodeld in Sources */ = {isa = PBXBuildFile; fileRef = 90914113178835CC00617297 /* ParkAndSend.xcdatamodeld */; };
		909141A1178CB21C00617297 /* Icon.png in Resources */ = {isa = PBXBuildFile; fileRef = 909141A0178CB21C00617297 /* Icon.png */; };
		909141A3178CB21F00617297 /* Icon@2x.png in Resources */ = {isa = PBXBuildFile; fileRef = 909141A2178CB21F00617297 /* Icon@2x.png */; };
		90947CAB177CCED40054852B /* UIKit.framework in Frameworks */ = {isa = PBXBuildFile; fileRef = 90947CAA177CCED40054852B /* UIKit.framework */; };
		90947CAD177CCED40054852B /* Foundation.framework in Frameworks */ = {isa = PBXBuildFile; fileRef = 90947CAC177CCED40054852B /* Foundation.framework */; };
		90947CAF177CCED40054852B /* CoreGraphics.framework in Frameworks */ = {isa = PBXBuildFile; fileRef = 90947CAE177CCED40054852B /* CoreGraphics.framework */; };
		90947CB5177CCED50054852B /* InfoPlist.strings in Resources */ = {isa = PBXBuildFile; fileRef = 90947CB3177CCED50054852B /* InfoPlist.strings */; };
		90947CB7177CCED50054852B /* main.m in Sources */ = {isa = PBXBuildFile; fileRef = 90947CB6177CCED50054852B /* main.m */; };
		90947CBB177CCED50054852B /* AppDelegate.m in Sources */ = {isa = PBXBuildFile; fileRef = 90947CBA177CCED50054852B /* AppDelegate.m */; };
		90947CC4177CCED50054852B /* MainStoryboard.storyboard in Resources */ = {isa = PBXBuildFile; fileRef = 90947CC2177CCED50054852B /* MainStoryboard.storyboard */; };
		90947CC7177CCED50054852B /* ViewController.m in Sources */ = {isa = PBXBuildFile; fileRef = 90947CC6177CCED50054852B /* ViewController.m */; };
		90947CCE177CCF960054852B /* MessageUI.framework in Frameworks */ = {isa = PBXBuildFile; fileRef = 90947CCD177CCF960054852B /* MessageUI.framework */; };
		90B2E874178EA3F1002729B9 /* Cars.m in Sources */ = {isa = PBXBuildFile; fileRef = 90B2E873178EA3F1002729B9 /* Cars.m */; };
		90F7D5E51791F9BE001E3261 /* BackgroundGray.png in Resources */ = {isa = PBXBuildFile; fileRef = 90F7D5E41791F9BE001E3261 /* BackgroundGray.png */; };
		90FAB8441795F41D00A7F70B /* Default-568h@2x.png in Resources */ = {isa = PBXBuildFile; fileRef = 90FAB8431795F41D00A7F70B /* Default-568h@2x.png */; };
		90FAB8461795F42600A7F70B /* Default@2x.png in Resources */ = {isa = PBXBuildFile; fileRef = 90FAB8451795F42600A7F70B /* Default@2x.png */; };
		90FAB8481795F42900A7F70B /* Default.png in Resources */ = {isa = PBXBuildFile; fileRef = 90FAB8471795F42900A7F70B /* Default.png */; };
		90FAB84C1795F46700A7F70B /* ParkAndSend-Start-@2x.png in Resources */ = {isa = PBXBuildFile; fileRef = 90FAB8491795F46700A7F70B /* ParkAndSend-Start-@2x.png */; };
		90FAB84D1795F46700A7F70B /* ParkAndSend-Start-568h@2x.png in Resources */ = {isa = PBXBuildFile; fileRef = 90FAB84A1795F46700A7F70B /* ParkAndSend-Start-568h@2x.png */; };
		90FAB84E1795F46700A7F70B /* ParkAndSend-Start.png in Resources */ = {isa = PBXBuildFile; fileRef = 90FAB84B1795F46700A7F70B /* ParkAndSend-Start.png */; };
/* End PBXBuildFile section */

/* Begin PBXFileReference section */
		902510F117AFEC9A007920B7 /* History.h */ = {isa = PBXFileReference; fileEncoding = 4; lastKnownFileType = sourcecode.c.h; path = History.h; sourceTree = "<group>"; };
		902510F217AFEC9A007920B7 /* History.m */ = {isa = PBXFileReference; fileEncoding = 4; lastKnownFileType = sourcecode.c.objc; path = History.m; sourceTree = "<group>"; };
		9036590617947EE2004B8204 /* libLocalyticsAMP.a */ = {isa = PBXFileReference; lastKnownFileType = archive.ar; path = libLocalyticsAMP.a; sourceTree = "<group>"; };
		9036590717947EE2004B8204 /* LocalyticsAmpSession.h */ = {isa = PBXFileReference; fileEncoding = 4; lastKnownFileType = sourcecode.c.h; path = LocalyticsAmpSession.h; sourceTree = "<group>"; };
		9036590817947EE2004B8204 /* LocalyticsSession.h */ = {isa = PBXFileReference; fileEncoding = 4; lastKnownFileType = sourcecode.c.h; path = LocalyticsSession.h; sourceTree = "<group>"; };
		9036590A17947F10004B8204 /* AdSupport.framework */ = {isa = PBXFileReference; lastKnownFileType = wrapper.framework; name = AdSupport.framework; path = System/Library/Frameworks/AdSupport.framework; sourceTree = SDKROOT; };
		9036590C17947F1E004B8204 /* libz.dylib */ = {isa = PBXFileReference; lastKnownFileType = "compiled.mach-o.dylib"; name = libz.dylib; path = usr/lib/libz.dylib; sourceTree = SDKROOT; };
		9036590E17947F2E004B8204 /* libsqlite3.dylib */ = {isa = PBXFileReference; lastKnownFileType = "compiled.mach-o.dylib"; name = libsqlite3.dylib; path = usr/lib/libsqlite3.dylib; sourceTree = SDKROOT; };
		9036591017947F36004B8204 /* SystemConfiguration.framework */ = {isa = PBXFileReference; lastKnownFileType = wrapper.framework; name = SystemConfiguration.framework; path = System/Library/Frameworks/SystemConfiguration.framework; sourceTree = SDKROOT; };
		903ED20517861FEA00007C0C /* NumberPlateListViewController.h */ = {isa = PBXFileReference; fileEncoding = 4; lastKnownFileType = sourcecode.c.h; path = NumberPlateListViewController.h; sourceTree = "<group>"; };
		903ED20617861FEA00007C0C /* NumberPlateListViewController.m */ = {isa = PBXFileReference; fileEncoding = 4; lastKnownFileType = sourcecode.c.objc; path = NumberPlateListViewController.m; sourceTree = "<group>"; };
		903ED20B1786263000007C0C /* AddNumberPlateListItemViewController.h */ = {isa = PBXFileReference; fileEncoding = 4; lastKnownFileType = sourcecode.c.h; path = AddNumberPlateListItemViewController.h; sourceTree = "<group>"; };
		903ED20C1786263000007C0C /* AddNumberPlateListItemViewController.m */ = {isa = PBXFileReference; fileEncoding = 4; lastKnownFileType = sourcecode.c.objc; path = AddNumberPlateListItemViewController.m; sourceTree = "<group>"; };
		9069FF2A179741B5002048EF /* MYIntroductionPanel.h */ = {isa = PBXFileReference; fileEncoding = 4; lastKnownFileType = sourcecode.c.h; path = MYIntroductionPanel.h; sourceTree = "<group>"; };
		9069FF2B179741B5002048EF /* MYIntroductionPanel.m */ = {isa = PBXFileReference; fileEncoding = 4; lastKnownFileType = sourcecode.c.objc; path = MYIntroductionPanel.m; sourceTree = "<group>"; };
		9069FF2C179741B5002048EF /* MYIntroductionView.h */ = {isa = PBXFileReference; fileEncoding = 4; lastKnownFileType = sourcecode.c.h; path = MYIntroductionView.h; sourceTree = "<group>"; };
		9069FF2D179741B5002048EF /* MYIntroductionView.m */ = {isa = PBXFileReference; fileEncoding = 4; lastKnownFileType = sourcecode.c.objc; path = MYIntroductionView.m; sourceTree = "<group>"; };
		9069FF301797423C002048EF /* SampleBackground.png */ = {isa = PBXFileReference; lastKnownFileType = image.png; path = SampleBackground.png; sourceTree = "<group>"; };
		9069FF311797423C002048EF /* SampleHeaderImage.png */ = {isa = PBXFileReference; lastKnownFileType = image.png; path = SampleHeaderImage.png; sourceTree = "<group>"; };
		9069FF321797423C002048EF /* SampleImage1.png */ = {isa = PBXFileReference; lastKnownFileType = image.png; path = SampleImage1.png; sourceTree = "<group>"; };
		9069FF331797423C002048EF /* SampleImage2.png */ = {isa = PBXFileReference; lastKnownFileType = image.png; path = SampleImage2.png; sourceTree = "<group>"; };
		906E65E41784C3E0004C3784 /* SendSMSbutton.png */ = {isa = PBXFileReference; lastKnownFileType = image.png; path = SendSMSbutton.png; sourceTree = "<group>"; };
		906E65E51784C3E0004C3784 /* SendSMSbutton@2x.png */ = {isa = PBXFileReference; lastKnownFileType = image.png; path = "SendSMSbutton@2x.png"; sourceTree = "<group>"; };
		909141111788358200617297 /* CoreData.framework */ = {isa = PBXFileReference; lastKnownFileType = wrapper.framework; name = CoreData.framework; path = System/Library/Frameworks/CoreData.framework; sourceTree = SDKROOT; };
		90914114178835CC00617297 /* ParkAndSend.xcdatamodel */ = {isa = PBXFileReference; lastKnownFileType = wrapper.xcdatamodel; path = ParkAndSend.xcdatamodel; sourceTree = "<group>"; };
		909141A0178CB21C00617297 /* Icon.png */ = {isa = PBXFileReference; lastKnownFileType = image.png; name = Icon.png; path = ../Icon.png; sourceTree = "<group>"; };
		909141A2178CB21F00617297 /* Icon@2x.png */ = {isa = PBXFileReference; lastKnownFileType = image.png; name = "Icon@2x.png"; path = "../Icon@2x.png"; sourceTree = "<group>"; };
		90947CA7177CCED40054852B /* ParkAndSend.app */ = {isa = PBXFileReference; explicitFileType = wrapper.application; includeInIndex = 0; path = ParkAndSend.app; sourceTree = BUILT_PRODUCTS_DIR; };
		90947CAA177CCED40054852B /* UIKit.framework */ = {isa = PBXFileReference; lastKnownFileType = wrapper.framework; name = UIKit.framework; path = System/Library/Frameworks/UIKit.framework; sourceTree = SDKROOT; };
		90947CAC177CCED40054852B /* Foundation.framework */ = {isa = PBXFileReference; lastKnownFileType = wrapper.framework; name = Foundation.framework; path = System/Library/Frameworks/Foundation.framework; sourceTree = SDKROOT; };
		90947CAE177CCED40054852B /* CoreGraphics.framework */ = {isa = PBXFileReference; lastKnownFileType = wrapper.framework; name = CoreGraphics.framework; path = System/Library/Frameworks/CoreGraphics.framework; sourceTree = SDKROOT; };
		90947CB2177CCED50054852B /* ParkAndSend-Info.plist */ = {isa = PBXFileReference; lastKnownFileType = text.plist.xml; path = "ParkAndSend-Info.plist"; sourceTree = "<group>"; };
		90947CB4177CCED50054852B /* en */ = {isa = PBXFileReference; lastKnownFileType = text.plist.strings; name = en; path = en.lproj/InfoPlist.strings; sourceTree = "<group>"; };
		90947CB6177CCED50054852B /* main.m */ = {isa = PBXFileReference; lastKnownFileType = sourcecode.c.objc; path = main.m; sourceTree = "<group>"; };
		90947CB8177CCED50054852B /* ParkAndSend-Prefix.pch */ = {isa = PBXFileReference; lastKnownFileType = sourcecode.c.h; path = "ParkAndSend-Prefix.pch"; sourceTree = "<group>"; };
		90947CB9177CCED50054852B /* AppDelegate.h */ = {isa = PBXFileReference; lastKnownFileType = sourcecode.c.h; path = AppDelegate.h; sourceTree = "<group>"; };
		90947CBA177CCED50054852B /* AppDelegate.m */ = {isa = PBXFileReference; lastKnownFileType = sourcecode.c.objc; path = AppDelegate.m; sourceTree = "<group>"; };
		90947CC3177CCED50054852B /* en */ = {isa = PBXFileReference; lastKnownFileType = file.storyboard; name = en; path = en.lproj/MainStoryboard.storyboard; sourceTree = "<group>"; };
		90947CC5177CCED50054852B /* ViewController.h */ = {isa = PBXFileReference; lastKnownFileType = sourcecode.c.h; path = ViewController.h; sourceTree = "<group>"; };
		90947CC6177CCED50054852B /* ViewController.m */ = {isa = PBXFileReference; lastKnownFileType = sourcecode.c.objc; path = ViewController.m; sourceTree = "<group>"; };
		90947CCD177CCF960054852B /* MessageUI.framework */ = {isa = PBXFileReference; lastKnownFileType = wrapper.framework; name = MessageUI.framework; path = System/Library/Frameworks/MessageUI.framework; sourceTree = SDKROOT; };
		90B2E872178EA3F1002729B9 /* Cars.h */ = {isa = PBXFileReference; fileEncoding = 4; lastKnownFileType = sourcecode.c.h; path = Cars.h; sourceTree = "<group>"; };
		90B2E873178EA3F1002729B9 /* Cars.m */ = {isa = PBXFileReference; fileEncoding = 4; lastKnownFileType = sourcecode.c.objc; path = Cars.m; sourceTree = "<group>"; };
		90F7D5E41791F9BE001E3261 /* BackgroundGray.png */ = {isa = PBXFileReference; lastKnownFileType = image.png; path = BackgroundGray.png; sourceTree = "<group>"; };
		90FAB8431795F41D00A7F70B /* Default-568h@2x.png */ = {isa = PBXFileReference; lastKnownFileType = image.png; name = "Default-568h@2x.png"; path = "../Default-568h@2x.png"; sourceTree = "<group>"; };
		90FAB8451795F42600A7F70B /* Default@2x.png */ = {isa = PBXFileReference; lastKnownFileType = image.png; name = "Default@2x.png"; path = "../Default@2x.png"; sourceTree = "<group>"; };
		90FAB8471795F42900A7F70B /* Default.png */ = {isa = PBXFileReference; lastKnownFileType = image.png; name = Default.png; path = ../Default.png; sourceTree = "<group>"; };
		90FAB8491795F46700A7F70B /* ParkAndSend-Start-@2x.png */ = {isa = PBXFileReference; lastKnownFileType = image.png; path = "ParkAndSend-Start-@2x.png"; sourceTree = "<group>"; };
		90FAB84A1795F46700A7F70B /* ParkAndSend-Start-568h@2x.png */ = {isa = PBXFileReference; lastKnownFileType = image.png; path = "ParkAndSend-Start-568h@2x.png"; sourceTree = "<group>"; };
		90FAB84B1795F46700A7F70B /* ParkAndSend-Start.png */ = {isa = PBXFileReference; lastKnownFileType = image.png; path = "ParkAndSend-Start.png"; sourceTree = "<group>"; };
/* End PBXFileReference section */

/* Begin PBXFrameworksBuildPhase section */
		90947CA4177CCED40054852B /* Frameworks */ = {
			isa = PBXFrameworksBuildPhase;
			buildActionMask = 2147483647;
			files = (
				9036591117947F36004B8204 /* SystemConfiguration.framework in Frameworks */,
				9036590F17947F2E004B8204 /* libsqlite3.dylib in Frameworks */,
				9036590D17947F1E004B8204 /* libz.dylib in Frameworks */,
				9036590B17947F10004B8204 /* AdSupport.framework in Frameworks */,
				909141121788358200617297 /* CoreData.framework in Frameworks */,
				90947CCE177CCF960054852B /* MessageUI.framework in Frameworks */,
				90947CAB177CCED40054852B /* UIKit.framework in Frameworks */,
				90947CAD177CCED40054852B /* Foundation.framework in Frameworks */,
				90947CAF177CCED40054852B /* CoreGraphics.framework in Frameworks */,
				9036590917947EE2004B8204 /* libLocalyticsAMP.a in Frameworks */,
			);
			runOnlyForDeploymentPostprocessing = 0;
		};
/* End PBXFrameworksBuildPhase section */

/* Begin PBXGroup section */
		9036590517947ED0004B8204 /* Localytics */ = {
			isa = PBXGroup;
			children = (
				9036590617947EE2004B8204 /* libLocalyticsAMP.a */,
				9036590717947EE2004B8204 /* LocalyticsAmpSession.h */,
				9036590817947EE2004B8204 /* LocalyticsSession.h */,
			);
			name = Localytics;
			sourceTree = "<group>";
		};
		9069FF29179741AA002048EF /* PopOver */ = {
			isa = PBXGroup;
			children = (
				9069FF2A179741B5002048EF /* MYIntroductionPanel.h */,
				9069FF2B179741B5002048EF /* MYIntroductionPanel.m */,
				9069FF2C179741B5002048EF /* MYIntroductionView.h */,
				9069FF2D179741B5002048EF /* MYIntroductionView.m */,
				9069FF301797423C002048EF /* SampleBackground.png */,
				9069FF311797423C002048EF /* SampleHeaderImage.png */,
				9069FF321797423C002048EF /* SampleImage1.png */,
				9069FF331797423C002048EF /* SampleImage2.png */,
			);
			name = PopOver;
			sourceTree = "<group>";
		};
		90947C9E177CCED40054852B = {
			isa = PBXGroup;
			children = (
				90947CB0177CCED40054852B /* ParkAndSend */,
				90947CA9177CCED40054852B /* Frameworks */,
				90947CA8177CCED40054852B /* Products */,
			);
			sourceTree = "<group>";
		};
		90947CA8177CCED40054852B /* Products */ = {
			isa = PBXGroup;
			children = (
				90947CA7177CCED40054852B /* ParkAndSend.app */,
			);
			name = Products;
			sourceTree = "<group>";
		};
		90947CA9177CCED40054852B /* Frameworks */ = {
			isa = PBXGroup;
			children = (
				9036591017947F36004B8204 /* SystemConfiguration.framework */,
				9036590E17947F2E004B8204 /* libsqlite3.dylib */,
				9036590C17947F1E004B8204 /* libz.dylib */,
				9036590A17947F10004B8204 /* AdSupport.framework */,
				909141111788358200617297 /* CoreData.framework */,
				90947CCD177CCF960054852B /* MessageUI.framework */,
				90947CAA177CCED40054852B /* UIKit.framework */,
				90947CAC177CCED40054852B /* Foundation.framework */,
				90947CAE177CCED40054852B /* CoreGraphics.framework */,
			);
			name = Frameworks;
			sourceTree = "<group>";
		};
		90947CB0177CCED40054852B /* ParkAndSend */ = {
			isa = PBXGroup;
			children = (
				9069FF29179741AA002048EF /* PopOver */,
				9036590517947ED0004B8204 /* Localytics */,
				90B2E868178DFB6C002729B9 /* CoreData */,
				90947CB9177CCED50054852B /* AppDelegate.h */,
				90947CBA177CCED50054852B /* AppDelegate.m */,
				90947CC2177CCED50054852B /* MainStoryboard.storyboard */,
				90947CC5177CCED50054852B /* ViewController.h */,
				90947CC6177CCED50054852B /* ViewController.m */,
				903ED20517861FEA00007C0C /* NumberPlateListViewController.h */,
				903ED20617861FEA00007C0C /* NumberPlateListViewController.m */,
				903ED20B1786263000007C0C /* AddNumberPlateListItemViewController.h */,
				903ED20C1786263000007C0C /* AddNumberPlateListItemViewController.m */,
				90947CB1177CCED50054852B /* Supporting Files */,
			);
			path = ParkAndSend;
			sourceTree = "<group>";
		};
		90947CB1177CCED50054852B /* Supporting Files */ = {
			isa = PBXGroup;
			children = (
				90FAB8471795F42900A7F70B /* Default.png */,
				90FAB8451795F42600A7F70B /* Default@2x.png */,
				90FAB8431795F41D00A7F70B /* Default-568h@2x.png */,
				90F7D5E41791F9BE001E3261 /* BackgroundGray.png */,
				909141A2178CB21F00617297 /* Icon@2x.png */,
				909141A0178CB21C00617297 /* Icon.png */,
				906E65E41784C3E0004C3784 /* SendSMSbutton.png */,
				906E65E51784C3E0004C3784 /* SendSMSbutton@2x.png */,
				90947CB2177CCED50054852B /* ParkAndSend-Info.plist */,
				90947CB3177CCED50054852B /* InfoPlist.strings */,
				90947CB6177CCED50054852B /* main.m */,
				90947CB8177CCED50054852B /* ParkAndSend-Prefix.pch */,
				90FAB8491795F46700A7F70B /* ParkAndSend-Start-@2x.png */,
				90FAB84A1795F46700A7F70B /* ParkAndSend-Start-568h@2x.png */,
				90FAB84B1795F46700A7F70B /* ParkAndSend-Start.png */,
			);
			name = "Supporting Files";
			sourceTree = "<group>";
		};
		90B2E868178DFB6C002729B9 /* CoreData */ = {
			isa = PBXGroup;
			children = (
				90B2E872178EA3F1002729B9 /* Cars.h */,
				90B2E873178EA3F1002729B9 /* Cars.m */,
				90914113178835CC00617297 /* ParkAndSend.xcdatamodeld */,
				902510F117AFEC9A007920B7 /* History.h */,
				902510F217AFEC9A007920B7 /* History.m */,
			);
			name = CoreData;
			sourceTree = "<group>";
		};
/* End PBXGroup section */

/* Begin PBXNativeTarget section */
		90947CA6177CCED40054852B /* ParkAndSend */ = {
			isa = PBXNativeTarget;
			buildConfigurationList = 90947CCA177CCED50054852B /* Build configuration list for PBXNativeTarget "ParkAndSend" */;
			buildPhases = (
				90947CA3177CCED40054852B /* Sources */,
				90947CA4177CCED40054852B /* Frameworks */,
				90947CA5177CCED40054852B /* Resources */,
			);
			buildRules = (
			);
			dependencies = (
			);
			name = ParkAndSend;
			productName = ParkAndSend;
			productReference = 90947CA7177CCED40054852B /* ParkAndSend.app */;
			productType = "com.apple.product-type.application";
		};
/* End PBXNativeTarget section */

/* Begin PBXProject section */
		90947C9F177CCED40054852B /* Project object */ = {
			isa = PBXProject;
			attributes = {
				LastUpgradeCheck = 0460;
				ORGANIZATIONNAME = "Jonathan Larkin";
			};
			buildConfigurationList = 90947CA2177CCED40054852B /* Build configuration list for PBXProject "ParkAndSend" */;
			compatibilityVersion = "Xcode 3.2";
			developmentRegion = English;
			hasScannedForEncodings = 0;
			knownRegions = (
				en,
			);
			mainGroup = 90947C9E177CCED40054852B;
			productRefGroup = 90947CA8177CCED40054852B /* Products */;
			projectDirPath = "";
			projectRoot = "";
			targets = (
				90947CA6177CCED40054852B /* ParkAndSend */,
			);
		};
/* End PBXProject section */

/* Begin PBXResourcesBuildPhase section */
		90947CA5177CCED40054852B /* Resources */ = {
			isa = PBXResourcesBuildPhase;
			buildActionMask = 2147483647;
			files = (
				90947CB5177CCED50054852B /* InfoPlist.strings in Resources */,
				90947CC4177CCED50054852B /* MainStoryboard.storyboard in Resources */,
				906E65E61784C3E0004C3784 /* SendSMSbutton.png in Resources */,
				906E65E71784C3E0004C3784 /* SendSMSbutton@2x.png in Resources */,
				909141A1178CB21C00617297 /* Icon.png in Resources */,
				909141A3178CB21F00617297 /* Icon@2x.png in Resources */,
				90F7D5E51791F9BE001E3261 /* BackgroundGray.png in Resources */,
				90FAB8441795F41D00A7F70B /* Default-568h@2x.png in Resources */,
				90FAB8461795F42600A7F70B /* Default@2x.png in Resources */,
				90FAB8481795F42900A7F70B /* Default.png in Resources */,
				90FAB84C1795F46700A7F70B /* ParkAndSend-Start-@2x.png in Resources */,
				90FAB84D1795F46700A7F70B /* ParkAndSend-Start-568h@2x.png in Resources */,
				90FAB84E1795F46700A7F70B /* ParkAndSend-Start.png in Resources */,
				9069FF341797423C002048EF /* SampleBackground.png in Resources */,
				9069FF351797423C002048EF /* SampleHeaderImage.png in Resources */,
				9069FF361797423C002048EF /* SampleImage1.png in Resources */,
				9069FF371797423C002048EF /* SampleImage2.png in Resources */,
			);
			runOnlyForDeploymentPostprocessing = 0;
		};
/* End PBXResourcesBuildPhase section */

/* Begin PBXSourcesBuildPhase section */
		90947CA3177CCED40054852B /* Sources */ = {
			isa = PBXSourcesBuildPhase;
			buildActionMask = 2147483647;
			files = (
				90947CB7177CCED50054852B /* main.m in Sources */,
				90947CBB177CCED50054852B /* AppDelegate.m in Sources */,
				90947CC7177CCED50054852B /* ViewController.m in Sources */,
				903ED20717861FEA00007C0C /* NumberPlateListViewController.m in Sources */,
				903ED20D1786263000007C0C /* AddNumberPlateListItemViewController.m in Sources */,
				90914115178835CC00617297 /* ParkAndSend.xcdatamodeld in Sources */,
				90B2E874178EA3F1002729B9 /* Cars.m in Sources */,
				9069FF2E179741B5002048EF /* MYIntroductionPanel.m in Sources */,
				9069FF2F179741B5002048EF /* MYIntroductionView.m in Sources */,
				902510F317AFEC9A007920B7 /* History.m in Sources */,
			);
			runOnlyForDeploymentPostprocessing = 0;
		};
/* End PBXSourcesBuildPhase section */

/* Begin PBXVariantGroup section */
		90947CB3177CCED50054852B /* InfoPlist.strings */ = {
			isa = PBXVariantGroup;
			children = (
				90947CB4177CCED50054852B /* en */,
			);
			name = InfoPlist.strings;
			sourceTree = "<group>";
		};
		90947CC2177CCED50054852B /* MainStoryboard.storyboard */ = {
			isa = PBXVariantGroup;
			children = (
				90947CC3177CCED50054852B /* en */,
			);
			name = MainStoryboard.storyboard;
			sourceTree = "<group>";
		};
/* End PBXVariantGroup section */

/* Begin XCBuildConfiguration section */
		90947CC8177CCED50054852B /* Debug */ = {
			isa = XCBuildConfiguration;
			buildSettings = {
				ALWAYS_SEARCH_USER_PATHS = NO;
				CLANG_CXX_LANGUAGE_STANDARD = "gnu++0x";
				CLANG_CXX_LIBRARY = "libc++";
				CLANG_ENABLE_OBJC_ARC = YES;
				CLANG_WARN_CONSTANT_CONVERSION = YES;
				CLANG_WARN_EMPTY_BODY = YES;
				CLANG_WARN_ENUM_CONVERSION = YES;
				CLANG_WARN_INT_CONVERSION = YES;
				CLANG_WARN__DUPLICATE_METHOD_MATCH = YES;
				"CODE_SIGN_IDENTITY[sdk=iphoneos*]" = "iPhone Developer";
				COPY_PHASE_STRIP = NO;
				GCC_C_LANGUAGE_STANDARD = gnu99;
				GCC_DYNAMIC_NO_PIC = NO;
				GCC_OPTIMIZATION_LEVEL = 0;
				GCC_PREPROCESSOR_DEFINITIONS = (
					"DEBUG=1",
					"$(inherited)",
				);
				GCC_SYMBOLS_PRIVATE_EXTERN = NO;
				GCC_WARN_ABOUT_RETURN_TYPE = YES;
				GCC_WARN_UNINITIALIZED_AUTOS = YES;
				GCC_WARN_UNUSED_VARIABLE = YES;
				IPHONEOS_DEPLOYMENT_TARGET = 6.1;
				ONLY_ACTIVE_ARCH = YES;
				SDKROOT = iphoneos;
			};
			name = Debug;
		};
		90947CC9177CCED50054852B /* Release */ = {
			isa = XCBuildConfiguration;
			buildSettings = {
				ALWAYS_SEARCH_USER_PATHS = NO;
				CLANG_CXX_LANGUAGE_STANDARD = "gnu++0x";
				CLANG_CXX_LIBRARY = "libc++";
				CLANG_ENABLE_OBJC_ARC = YES;
				CLANG_WARN_CONSTANT_CONVERSION = YES;
				CLANG_WARN_EMPTY_BODY = YES;
				CLANG_WARN_ENUM_CONVERSION = YES;
				CLANG_WARN_INT_CONVERSION = YES;
				CLANG_WARN__DUPLICATE_METHOD_MATCH = YES;
				"CODE_SIGN_IDENTITY[sdk=iphoneos*]" = "iPhone Developer";
				COPY_PHASE_STRIP = YES;
				GCC_C_LANGUAGE_STANDARD = gnu99;
				GCC_WARN_ABOUT_RETURN_TYPE = YES;
				GCC_WARN_UNINITIALIZED_AUTOS = YES;
				GCC_WARN_UNUSED_VARIABLE = YES;
				IPHONEOS_DEPLOYMENT_TARGET = 6.1;
				OTHER_CFLAGS = "-DNS_BLOCK_ASSERTIONS=1";
				SDKROOT = iphoneos;
				VALIDATE_PRODUCT = YES;
			};
			name = Release;
		};
		90947CCB177CCED50054852B /* Debug */ = {
			isa = XCBuildConfiguration;
			buildSettings = {
				CLANG_ENABLE_OBJC_ARC = YES;
				GCC_PRECOMPILE_PREFIX_HEADER = YES;
				GCC_PREFIX_HEADER = "ParkAndSend/ParkAndSend-Prefix.pch";
				INFOPLIST_FILE = "ParkAndSend/ParkAndSend-Info.plist";
				IPHONEOS_DEPLOYMENT_TARGET = 5.1;
				LIBRARY_SEARCH_PATHS = (
					"$(inherited)",
					"\"$(SRCROOT)/ParkAndSend\"",
				);
				PRODUCT_NAME = ParkAndSend;
				TARGETED_DEVICE_FAMILY = 1;
				WRAPPER_EXTENSION = app;
			};
			name = Debug;
		};
		90947CCC177CCED50054852B /* Release */ = {
			isa = XCBuildConfiguration;
			buildSettings = {
				CLANG_ENABLE_OBJC_ARC = YES;
				CODE_SIGN_IDENTITY = "iPhone Distribution: Jonathan Larkin (VNWV747J6Z)";
				"CODE_SIGN_IDENTITY[sdk=iphoneos*]" = "iPhone Distribution: Jonathan Larkin (VNWV747J6Z)";
				GCC_PRECOMPILE_PREFIX_HEADER = YES;
				GCC_PREFIX_HEADER = "ParkAndSend/ParkAndSend-Prefix.pch";
				INFOPLIST_FILE = "ParkAndSend/ParkAndSend-Info.plist";
				IPHONEOS_DEPLOYMENT_TARGET = 5.1;
				LIBRARY_SEARCH_PATHS = (
					"$(inherited)",
					"\"$(SRCROOT)/ParkAndSend\"",
				);
				PRODUCT_NAME = ParkAndSend;
				PROVISIONING_PROFILE = "34B2E541-30F5-4480-B176-121DC64A9076";
				"PROVISIONING_PROFILE[sdk=iphoneos*]" = "34B2E541-30F5-4480-B176-121DC64A9076";
				TARGETED_DEVICE_FAMILY = 1;
				WRAPPER_EXTENSION = app;
			};
			name = Release;
		};
/* End XCBuildConfiguration section */

/* Begin XCConfigurationList section */
		90947CA2177CCED40054852B /* Build configuration list for PBXProject "ParkAndSend" */ = {
			isa = XCConfigurationList;
			buildConfigurations = (
				90947CC8177CCED50054852B /* Debug */,
				90947CC9177CCED50054852B /* Release */,
			);
			defaultConfigurationIsVisible = 0;
			defaultConfigurationName = Release;
		};
		90947CCA177CCED50054852B /* Build configuration list for PBXNativeTarget "ParkAndSend" */ = {
			isa = XCConfigurationList;
			buildConfigurations = (
				90947CCB177CCED50054852B /* Debug */,
				90947CCC177CCED50054852B /* Release */,
			);
			defaultConfigurationIsVisible = 0;
			defaultConfigurationName = Release;
		};
/* End XCConfigurationList section */

/* Begin XCVersionGroup section */
		90914113178835CC00617297 /* ParkAndSend.xcdatamodeld */ = {
			isa = XCVersionGroup;
			children = (
				90914114178835CC00617297 /* ParkAndSend.xcdatamodel */,
			);
			currentVersion = 90914114178835CC00617297 /* ParkAndSend.xcdatamodel */;
			path = ParkAndSend.xcdatamodeld;
			sourceTree = "<group>";
			versionGroupType = wrapper.xcdatamodel;
		};
/* End XCVersionGroup section */
	};
	rootObject = 90947C9F177CCED40054852B /* Project object */;
}
